
Microsoft Visual Studio Solution File, Format Version 12.00
# Visual Studio 14
VisualStudioVersion = 14.0.24720.0
MinimumVisualStudioVersion = 10.0.40219.1
Project("{8BC9CEB8-8B4A-11D0-8D11-00A0C91BC942}") = "onroadlocalization", "onroadlocalization.vcxproj", "{BC447B54-EDB9-451D-A98C-0636954CC92E}"
EndProject
Project("{8BC9CEB8-8B4A-11D0-8D11-00A0C91BC942}") = "tests", "tests\tests.vcxproj", "{1DFB02C6-0B0B-4AE0-BF2C-8CD808A58FF4}"
EndProject
Global
	GlobalSection(SolutionConfigurationPlatforms) = preSolution
		Debug|x64 = Debug|x64
		Debug|x86 = Debug|x86
		Test|x64 = Test|x64
		Test|x86 = Test|x86
	EndGlobalSection
	GlobalSection(ProjectConfigurationPlatforms) = postSolution
		{BC447B54-EDB9-451D-A98C-0636954CC92E}.Debug|x64.ActiveCfg = Debug|x64
		{BC447B54-EDB9-451D-A98C-0636954CC92E}.Debug|x64.Build.0 = Debug|x64
		{BC447B54-EDB9-451D-A98C-0636954CC92E}.Debug|x86.ActiveCfg = Debug|Win32
		{BC447B54-EDB9-451D-A98C-0636954CC92E}.Debug|x86.Build.0 = Debug|Win32
		{BC447B54-EDB9-451D-A98C-0636954CC92E}.Test|x64.ActiveCfg = Test|x64
		{BC447B54-EDB9-451D-A98C-0636954CC92E}.Test|x64.Build.0 = Test|x64
		{BC447B54-EDB9-451D-A98C-0636954CC92E}.Test|x86.ActiveCfg = Test|Win32
		{BC447B54-EDB9-451D-A98C-0636954CC92E}.Test|x86.Build.0 = Test|Win32
		{1DFB02C6-0B0B-4AE0-BF2C-8CD808A58FF4}.Debug|x64.ActiveCfg = Debug|x64
		{1DFB02C6-0B0B-4AE0-BF2C-8CD808A58FF4}.Debug|x86.ActiveCfg = Test|Win32
		{1DFB02C6-0B0B-4AE0-BF2C-8CD808A58FF4}.Debug|x86.Build.0 = Test|Win32
		{1DFB02C6-0B0B-4AE0-BF2C-8CD808A58FF4}.Test|x64.ActiveCfg = Test|x64
		{1DFB02C6-0B0B-4AE0-BF2C-8CD808A58FF4}.Test|x64.Build.0 = Test|x64
		{1DFB02C6-0B0B-4AE0-BF2C-8CD808A58FF4}.Test|x64.Deploy.0 = Test|x64
		{1DFB02C6-0B0B-4AE0-BF2C-8CD808A58FF4}.Test|x86.ActiveCfg = Test|Win32
		{1DFB02C6-0B0B-4AE0-BF2C-8CD808A58FF4}.Test|x86.Build.0 = Test|Win32
	EndGlobalSection
	GlobalSection(SolutionProperties) = preSolution
		HideSolutionNode = FALSE
	EndGlobalSection
EndGlobal
